
Microsoft Visual Studio Solution File, Format Version 12.00
# Visual Studio 15
VisualStudioVersion = 15.0.28307.1062
MinimumVisualStudioVersion = 10.0.40219.1
Project("{FAE04EC0-301F-11D3-BF4B-00C04F79EFBC}") = "winformCSDLNC", "winformCSDLNC\winformCSDLNC.csproj", "{7655D927-D544-4262-AA05-695A556F3558}"
EndProject
Global
	GlobalSection(SolutionConfigurationPlatforms) = preSolution
		Debug|Any CPU = Debug|Any CPU
		Release|Any CPU = Release|Any CPU
	EndGlobalSection
	GlobalSection(ProjectConfigurationPlatforms) = postSolution
		{7655D927-D544-4262-AA05-695A556F3558}.Debug|Any CPU.ActiveCfg = Debug|Any CPU
		{7655D927-D544-4262-AA05-695A556F3558}.Debug|Any CPU.Build.0 = Debug|Any CPU
		{7655D927-D544-4262-AA05-695A556F3558}.Release|Any CPU.ActiveCfg = Release|Any CPU
		{7655D927-D544-4262-AA05-695A556F3558}.Release|Any CPU.Build.0 = Release|Any CPU
	EndGlobalSection
	GlobalSection(SolutionProperties) = preSolution
		HideSolutionNode = FALSE
	EndGlobalSection
	GlobalSection(ExtensibilityGlobals) = postSolution
		SolutionGuid = {2FF828D5-3169-4DD0-8CE2-3D8DE57C2549}
	EndGlobalSection
EndGlobal
